
Microsoft Visual Studio Solution File, Format Version 12.00
# Visual Studio Version 17
VisualStudioVersion = 17.4.33213.308
MinimumVisualStudioVersion = 10.0.40219.1
Project("{FAE04EC0-301F-11D3-BF4B-00C04F79EFBC}") = "MqttAgent", "MqttAgent\MqttAgent.csproj", "{DA52CA62-90C9-4BC3-AFF1-7D1578BD64B1}"
EndProject
Global
	GlobalSection(SolutionConfigurationPlatforms) = preSolution
		Debug|Any CPU = Debug|Any CPU
		Release|Any CPU = Release|Any CPU
	EndGlobalSection
	GlobalSection(ProjectConfigurationPlatforms) = postSolution
		{DA52CA62-90C9-4BC3-AFF1-7D1578BD64B1}.Debug|Any CPU.ActiveCfg = Debug|Any CPU
		{DA52CA62-90C9-4BC3-AFF1-7D1578BD64B1}.Debug|Any CPU.Build.0 = Debug|Any CPU
		{DA52CA62-90C9-4BC3-AFF1-7D1578BD64B1}.Release|Any CPU.ActiveCfg = Release|Any CPU
		{DA52CA62-90C9-4BC3-AFF1-7D1578BD64B1}.Release|Any CPU.Build.0 = Release|Any CPU
	EndGlobalSection
	GlobalSection(SolutionProperties) = preSolution
		HideSolutionNode = FALSE
	EndGlobalSection
	GlobalSection(ExtensibilityGlobals) = postSolution
		SolutionGuid = {AE9E94E6-B9F8-449C-A953-8ABF07DC5E6C}
	EndGlobalSection
EndGlobal
