
Microsoft Visual Studio Solution File, Format Version 12.00
# Visual Studio Version 17
VisualStudioVersion = 17.4.33213.308
MinimumVisualStudioVersion = 10.0.40219.1
Project("{9A19103F-16F7-4668-BE54-9A1E7A4F7556}") = "MqttAgent", "MqttAgent\MqttAgent.csproj", "{DA52CA62-90C9-4BC3-AFF1-7D1578BD64B1}"
EndProject
Project("{54435603-DBB4-11D2-8724-00A0C9A8B90C}") = "MqttAgentSetup", "MqttAgentSetup\MqttAgentSetup.vdproj", "{1C535BD0-F580-4436-9347-3FC8CDDD47C5}"
EndProject
Global
	GlobalSection(SolutionConfigurationPlatforms) = preSolution
		Debug|Any CPU = Debug|Any CPU
		Release|Any CPU = Release|Any CPU
	EndGlobalSection
	GlobalSection(ProjectConfigurationPlatforms) = postSolution
		{DA52CA62-90C9-4BC3-AFF1-7D1578BD64B1}.Debug|Any CPU.ActiveCfg = Debug|Any CPU
		{DA52CA62-90C9-4BC3-AFF1-7D1578BD64B1}.Debug|Any CPU.Build.0 = Debug|Any CPU
		{DA52CA62-90C9-4BC3-AFF1-7D1578BD64B1}.Release|Any CPU.ActiveCfg = Release|Any CPU
		{DA52CA62-90C9-4BC3-AFF1-7D1578BD64B1}.Release|Any CPU.Build.0 = Release|Any CPU
		{1C535BD0-F580-4436-9347-3FC8CDDD47C5}.Debug|Any CPU.ActiveCfg = Debug
		{1C535BD0-F580-4436-9347-3FC8CDDD47C5}.Release|Any CPU.ActiveCfg = Release
	EndGlobalSection
	GlobalSection(SolutionProperties) = preSolution
		HideSolutionNode = FALSE
	EndGlobalSection
	GlobalSection(ExtensibilityGlobals) = postSolution
		SolutionGuid = {AE9E94E6-B9F8-449C-A953-8ABF07DC5E6C}
	EndGlobalSection
EndGlobal
